
Microsoft Visual Studio Solution File, Format Version 12.00
# Visual Studio Version 17
VisualStudioVersion = 17.4.33103.184
MinimumVisualStudioVersion = 10.0.40219.1
Project("{FAE04EC0-301F-11D3-BF4B-00C04F79EFBC}") = "Laba 6_Net.Framework", "Laba 6_Net.Framework\Laba 6_Net.Framework.csproj", "{8461639D-4485-43E8-99EA-AAF166B1C165}"
EndProject
Global
	GlobalSection(SolutionConfigurationPlatforms) = preSolution
		Debug|Any CPU = Debug|Any CPU
		Release|Any CPU = Release|Any CPU
	EndGlobalSection
	GlobalSection(ProjectConfigurationPlatforms) = postSolution
		{8461639D-4485-43E8-99EA-AAF166B1C165}.Debug|Any CPU.ActiveCfg = Debug|Any CPU
		{8461639D-4485-43E8-99EA-AAF166B1C165}.Debug|Any CPU.Build.0 = Debug|Any CPU
		{8461639D-4485-43E8-99EA-AAF166B1C165}.Release|Any CPU.ActiveCfg = Release|Any CPU
		{8461639D-4485-43E8-99EA-AAF166B1C165}.Release|Any CPU.Build.0 = Release|Any CPU
	EndGlobalSection
	GlobalSection(SolutionProperties) = preSolution
		HideSolutionNode = FALSE
	EndGlobalSection
	GlobalSection(ExtensibilityGlobals) = postSolution
		SolutionGuid = {7F0AAF02-7FEF-4A5B-9706-B5E7713C0CFB}
	EndGlobalSection
EndGlobal
